
Microsoft Visual Studio Solution File, Format Version 12.00
# Visual Studio Version 16
VisualStudioVersion = 16.0.30114.105
MinimumVisualStudioVersion = 10.0.40219.1
Project("{2150E333-8FDC-42A3-9474-1A3956D46DE8}") = "src", "src", "{3B5DFD53-A7A8-4402-9788-864F2A460B5F}"
EndProject
Project("{FAE04EC0-301F-11D3-BF4B-00C04F79EFBC}") = "Dapper.Extensions.DataAccess", "src\Dapper.Extensions.DataAccess\Dapper.Extensions.DataAccess.csproj", "{5A208516-0938-43B5-9545-B301E2E0AF3B}"
EndProject
Project("{FAE04EC0-301F-11D3-BF4B-00C04F79EFBC}") = "Dapper.Extensions.DataAccess.Abstractions", "src\Dapper.Extensions.DataAccess.Abstractions\Dapper.Extensions.DataAccess.Abstractions.csproj", "{104D1372-35A9-4621-94C3-43E35F43F7A9}"
EndProject
Project("{FAE04EC0-301F-11D3-BF4B-00C04F79EFBC}") = "Dapper.Extensions.DataAccess.Sqlite", "src\Dapper.Extensions.DataAccess.Sqlite\Dapper.Extensions.DataAccess.Sqlite.csproj", "{EA741E0A-2932-48F0-A047-640ECFF6E5D7}"
EndProject
Project("{2150E333-8FDC-42A3-9474-1A3956D46DE8}") = "test", "test", "{93C15205-E251-4291-AA06-B92D458432F9}"
EndProject
Project("{FAE04EC0-301F-11D3-BF4B-00C04F79EFBC}") = "Dapper.Extensions.DataAccess.Sqlite.Tests", "test\Dapper.Extensions.DataAccess.Sqlite.Tests\Dapper.Extensions.DataAccess.Sqlite.Tests.csproj", "{FFC430FD-E3BC-4BBA-8076-7A958EFC7366}"
EndProject
Project("{FAE04EC0-301F-11D3-BF4B-00C04F79EFBC}") = "Dapper.Extensions.DataAccess.MySql", "src\Dapper.Extensions.DataAccess.MySql\Dapper.Extensions.DataAccess.MySql.csproj", "{6CB65D2D-BFEA-4686-BECB-64C5743B7D4C}"
EndProject
Global
	GlobalSection(SolutionConfigurationPlatforms) = preSolution
		Debug|Any CPU = Debug|Any CPU
		Release|Any CPU = Release|Any CPU
	EndGlobalSection
	GlobalSection(SolutionProperties) = preSolution
		HideSolutionNode = FALSE
	EndGlobalSection
	GlobalSection(ProjectConfigurationPlatforms) = postSolution
		{5A208516-0938-43B5-9545-B301E2E0AF3B}.Debug|Any CPU.ActiveCfg = Debug|Any CPU
		{5A208516-0938-43B5-9545-B301E2E0AF3B}.Debug|Any CPU.Build.0 = Debug|Any CPU
		{5A208516-0938-43B5-9545-B301E2E0AF3B}.Release|Any CPU.ActiveCfg = Release|Any CPU
		{5A208516-0938-43B5-9545-B301E2E0AF3B}.Release|Any CPU.Build.0 = Release|Any CPU
		{104D1372-35A9-4621-94C3-43E35F43F7A9}.Debug|Any CPU.ActiveCfg = Debug|Any CPU
		{104D1372-35A9-4621-94C3-43E35F43F7A9}.Debug|Any CPU.Build.0 = Debug|Any CPU
		{104D1372-35A9-4621-94C3-43E35F43F7A9}.Release|Any CPU.ActiveCfg = Release|Any CPU
		{104D1372-35A9-4621-94C3-43E35F43F7A9}.Release|Any CPU.Build.0 = Release|Any CPU
		{EA741E0A-2932-48F0-A047-640ECFF6E5D7}.Debug|Any CPU.ActiveCfg = Debug|Any CPU
		{EA741E0A-2932-48F0-A047-640ECFF6E5D7}.Debug|Any CPU.Build.0 = Debug|Any CPU
		{EA741E0A-2932-48F0-A047-640ECFF6E5D7}.Release|Any CPU.ActiveCfg = Release|Any CPU
		{EA741E0A-2932-48F0-A047-640ECFF6E5D7}.Release|Any CPU.Build.0 = Release|Any CPU
		{FFC430FD-E3BC-4BBA-8076-7A958EFC7366}.Debug|Any CPU.ActiveCfg = Debug|Any CPU
		{FFC430FD-E3BC-4BBA-8076-7A958EFC7366}.Debug|Any CPU.Build.0 = Debug|Any CPU
		{FFC430FD-E3BC-4BBA-8076-7A958EFC7366}.Release|Any CPU.ActiveCfg = Release|Any CPU
		{FFC430FD-E3BC-4BBA-8076-7A958EFC7366}.Release|Any CPU.Build.0 = Release|Any CPU
		{6CB65D2D-BFEA-4686-BECB-64C5743B7D4C}.Debug|Any CPU.ActiveCfg = Debug|Any CPU
		{6CB65D2D-BFEA-4686-BECB-64C5743B7D4C}.Debug|Any CPU.Build.0 = Debug|Any CPU
		{6CB65D2D-BFEA-4686-BECB-64C5743B7D4C}.Release|Any CPU.ActiveCfg = Release|Any CPU
		{6CB65D2D-BFEA-4686-BECB-64C5743B7D4C}.Release|Any CPU.Build.0 = Release|Any CPU
	EndGlobalSection
	GlobalSection(NestedProjects) = preSolution
		{5A208516-0938-43B5-9545-B301E2E0AF3B} = {3B5DFD53-A7A8-4402-9788-864F2A460B5F}
		{104D1372-35A9-4621-94C3-43E35F43F7A9} = {3B5DFD53-A7A8-4402-9788-864F2A460B5F}
		{EA741E0A-2932-48F0-A047-640ECFF6E5D7} = {3B5DFD53-A7A8-4402-9788-864F2A460B5F}
		{FFC430FD-E3BC-4BBA-8076-7A958EFC7366} = {93C15205-E251-4291-AA06-B92D458432F9}
		{6CB65D2D-BFEA-4686-BECB-64C5743B7D4C} = {3B5DFD53-A7A8-4402-9788-864F2A460B5F}
	EndGlobalSection
EndGlobal
